// !$*UTF8*$!
{
	archiveVersion = 1;
	classes = {
	};
	objectVersion = 50;
	objects = {

/* Begin PBXBuildFile section */
		820F867222D47DBE00B86A06 /* CameraViewController.swift in Sources */ = {isa = PBXBuildFile; fileRef = 820F867122D47DBE00B86A06 /* CameraViewController.swift */; };
		820F867622D487D700B86A06 /* Camera.swift in Sources */ = {isa = PBXBuildFile; fileRef = 820F867522D487D600B86A06 /* Camera.swift */; };
		820F867822D4881F00B86A06 /* ZoomPan.swift in Sources */ = {isa = PBXBuildFile; fileRef = 820F867722D4881F00B86A06 /* ZoomPan.swift */; };
		820F867C22D489CC00B86A06 /* mysocket.c in Sources */ = {isa = PBXBuildFile; fileRef = 820F867B22D489CC00B86A06 /* mysocket.c */; };
		820F867E22D48C8C00B86A06 /* Settings.swift in Sources */ = {isa = PBXBuildFile; fileRef = 820F867D22D48C8C00B86A06 /* Settings.swift */; };
		820F868022D48F9600B86A06 /* StringExt.swift in Sources */ = {isa = PBXBuildFile; fileRef = 820F867F22D48F9600B86A06 /* StringExt.swift */; };
		820F868222D48F9C00B86A06 /* Utils.swift in Sources */ = {isa = PBXBuildFile; fileRef = 820F868122D48F9C00B86A06 /* Utils.swift */; };
		820F868422D4AEF400B86A06 /* NetworkInterface.swift in Sources */ = {isa = PBXBuildFile; fileRef = 820F868322D4AEF400B86A06 /* NetworkInterface.swift */; };
		820F868622D4AFE500B86A06 /* IntTextField.swift in Sources */ = {isa = PBXBuildFile; fileRef = 820F868522D4AFE500B86A06 /* IntTextField.swift */; };
		820F868822D4B07400B86A06 /* Reachability.swift in Sources */ = {isa = PBXBuildFile; fileRef = 820F868722D4B07400B86A06 /* Reachability.swift */; };
		820F868A22D4B08000B86A06 /* NavigationControllerExt.swift in Sources */ = {isa = PBXBuildFile; fileRef = 820F868922D4B08000B86A06 /* NavigationControllerExt.swift */; };
		823DB3F722D3669C00389C4A /* AppDelegate.swift in Sources */ = {isa = PBXBuildFile; fileRef = 823DB3F622D3669C00389C4A /* AppDelegate.swift */; };
		823DB3F922D3669C00389C4A /* ViewController.swift in Sources */ = {isa = PBXBuildFile; fileRef = 823DB3F822D3669C00389C4A /* ViewController.swift */; };
		823DB3FC22D3669D00389C4A /* Main.storyboard in Resources */ = {isa = PBXBuildFile; fileRef = 823DB3FA22D3669D00389C4A /* Main.storyboard */; };
		823DB3FE22D3669D00389C4A /* Assets.xcassets in Resources */ = {isa = PBXBuildFile; fileRef = 823DB3FD22D3669D00389C4A /* Assets.xcassets */; };
		823DB40122D3669D00389C4A /* LaunchScreen.storyboard in Resources */ = {isa = PBXBuildFile; fileRef = 823DB3FF22D3669D00389C4A /* LaunchScreen.storyboard */; };
/* End PBXBuildFile section */

/* Begin PBXFileReference section */
		820F865522D3B57700B86A06 /* RaspEye-Bridging-Header.h */ = {isa = PBXFileReference; lastKnownFileType = sourcecode.c.h; path = "RaspEye-Bridging-Header.h"; sourceTree = "<group>"; };
		820F867022D3B6A000B86A06 /* RPiCameraViewer.entitlements */ = {isa = PBXFileReference; lastKnownFileType = text.plist.entitlements; path = RPiCameraViewer.entitlements; sourceTree = "<group>"; };
		820F867122D47DBE00B86A06 /* CameraViewController.swift */ = {isa = PBXFileReference; lastKnownFileType = sourcecode.swift; path = CameraViewController.swift; sourceTree = "<group>"; };
		820F867522D487D600B86A06 /* Camera.swift */ = {isa = PBXFileReference; fileEncoding = 4; lastKnownFileType = sourcecode.swift; path = Camera.swift; sourceTree = "<group>"; };
		820F867722D4881F00B86A06 /* ZoomPan.swift */ = {isa = PBXFileReference; fileEncoding = 4; lastKnownFileType = sourcecode.swift; path = ZoomPan.swift; sourceTree = "<group>"; };
		820F867A22D489CC00B86A06 /* mysocket.h */ = {isa = PBXFileReference; fileEncoding = 4; lastKnownFileType = sourcecode.c.h; path = mysocket.h; sourceTree = "<group>"; };
		820F867B22D489CC00B86A06 /* mysocket.c */ = {isa = PBXFileReference; fileEncoding = 4; lastKnownFileType = sourcecode.c.c; path = mysocket.c; sourceTree = "<group>"; };
		820F867D22D48C8C00B86A06 /* Settings.swift */ = {isa = PBXFileReference; fileEncoding = 4; lastKnownFileType = sourcecode.swift; path = Settings.swift; sourceTree = "<group>"; };
		820F867F22D48F9600B86A06 /* StringExt.swift */ = {isa = PBXFileReference; fileEncoding = 4; lastKnownFileType = sourcecode.swift; path = StringExt.swift; sourceTree = "<group>"; };
		820F868122D48F9C00B86A06 /* Utils.swift */ = {isa = PBXFileReference; fileEncoding = 4; lastKnownFileType = sourcecode.swift; path = Utils.swift; sourceTree = "<group>"; };
		820F868322D4AEF400B86A06 /* NetworkInterface.swift */ = {isa = PBXFileReference; fileEncoding = 4; lastKnownFileType = sourcecode.swift; path = NetworkInterface.swift; sourceTree = "<group>"; };
		820F868522D4AFE500B86A06 /* IntTextField.swift */ = {isa = PBXFileReference; fileEncoding = 4; lastKnownFileType = sourcecode.swift; path = IntTextField.swift; sourceTree = "<group>"; };
		820F868722D4B07400B86A06 /* Reachability.swift */ = {isa = PBXFileReference; fileEncoding = 4; lastKnownFileType = sourcecode.swift; path = Reachability.swift; sourceTree = "<group>"; };
		820F868922D4B08000B86A06 /* NavigationControllerExt.swift */ = {isa = PBXFileReference; fileEncoding = 4; lastKnownFileType = sourcecode.swift; path = NavigationControllerExt.swift; sourceTree = "<group>"; };
		823DB3F322D3669C00389C4A /* RaspEye.app */ = {isa = PBXFileReference; explicitFileType = wrapper.application; includeInIndex = 0; path = RaspEye.app; sourceTree = BUILT_PRODUCTS_DIR; };
		823DB3F622D3669C00389C4A /* AppDelegate.swift */ = {isa = PBXFileReference; lastKnownFileType = sourcecode.swift; path = AppDelegate.swift; sourceTree = "<group>"; };
		823DB3F822D3669C00389C4A /* ViewController.swift */ = {isa = PBXFileReference; lastKnownFileType = sourcecode.swift; path = ViewController.swift; sourceTree = "<group>"; };
		823DB3FB22D3669D00389C4A /* Base */ = {isa = PBXFileReference; lastKnownFileType = file.storyboard; name = Base; path = Base.lproj/Main.storyboard; sourceTree = "<group>"; };
		823DB3FD22D3669D00389C4A /* Assets.xcassets */ = {isa = PBXFileReference; lastKnownFileType = folder.assetcatalog; path = Assets.xcassets; sourceTree = "<group>"; };
		823DB40022D3669D00389C4A /* Base */ = {isa = PBXFileReference; lastKnownFileType = file.storyboard; name = Base; path = Base.lproj/LaunchScreen.storyboard; sourceTree = "<group>"; };
		823DB40222D3669D00389C4A /* Info.plist */ = {isa = PBXFileReference; lastKnownFileType = text.plist.xml; path = Info.plist; sourceTree = "<group>"; };
/* End PBXFileReference section */

/* Begin PBXFrameworksBuildPhase section */
		823DB3F022D3669C00389C4A /* Frameworks */ = {
			isa = PBXFrameworksBuildPhase;
			buildActionMask = 2147483647;
			files = (
			);
			runOnlyForDeploymentPostprocessing = 0;
		};
/* End PBXFrameworksBuildPhase section */

/* Begin PBXGroup section */
		820F867422D487C700B86A06 /* Classes */ = {
			isa = PBXGroup;
			children = (
				820F867F22D48F9600B86A06 /* StringExt.swift */,
				820F868122D48F9C00B86A06 /* Utils.swift */,
				820F867522D487D600B86A06 /* Camera.swift */,
				820F868322D4AEF400B86A06 /* NetworkInterface.swift */,
				820F867722D4881F00B86A06 /* ZoomPan.swift */,
				820F867D22D48C8C00B86A06 /* Settings.swift */,
				820F868922D4B08000B86A06 /* NavigationControllerExt.swift */,
				820F868722D4B07400B86A06 /* Reachability.swift */,
			);
			path = Classes;
			sourceTree = "<group>";
		};
		820F867922D4895F00B86A06 /* Sockets */ = {
			isa = PBXGroup;
			children = (
				820F867B22D489CC00B86A06 /* mysocket.c */,
				820F867A22D489CC00B86A06 /* mysocket.h */,
			);
			name = Sockets;
			path = "New Group";
			sourceTree = "<group>";
		};
		823DB3EA22D3669C00389C4A = {
			isa = PBXGroup;
			children = (
				823DB3F522D3669C00389C4A /* RaspEye */,
				823DB3F422D3669C00389C4A /* Products */,
			);
			sourceTree = "<group>";
		};
		823DB3F422D3669C00389C4A /* Products */ = {
			isa = PBXGroup;
			children = (
				823DB3F322D3669C00389C4A /* RaspEye.app */,
			);
			name = Products;
			sourceTree = "<group>";
		};
		823DB3F522D3669C00389C4A /* RaspEye */ = {
			isa = PBXGroup;
			children = (
				823DB3F622D3669C00389C4A /* AppDelegate.swift */,
				820F867122D47DBE00B86A06 /* CameraViewController.swift */,
				823DB3F822D3669C00389C4A /* ViewController.swift */,
				820F868522D4AFE500B86A06 /* IntTextField.swift */,
				820F867922D4895F00B86A06 /* Sockets */,
				820F867422D487C700B86A06 /* Classes */,
				823DB3FA22D3669D00389C4A /* Main.storyboard */,
				823DB3FD22D3669D00389C4A /* Assets.xcassets */,
				823DB3FF22D3669D00389C4A /* LaunchScreen.storyboard */,
				823DB40222D3669D00389C4A /* Info.plist */,
				820F865522D3B57700B86A06 /* RaspEye-Bridging-Header.h */,
				820F867022D3B6A000B86A06 /* RPiCameraViewer.entitlements */,
			);
			path = RaspEye;
			sourceTree = "<group>";
		};
/* End PBXGroup section */

/* Begin PBXNativeTarget section */
		823DB3F222D3669C00389C4A /* RaspEye */ = {
			isa = PBXNativeTarget;
			buildConfigurationList = 823DB40522D3669D00389C4A /* Build configuration list for PBXNativeTarget "RaspEye" */;
			buildPhases = (
				823DB3EF22D3669C00389C4A /* Sources */,
				823DB3F022D3669C00389C4A /* Frameworks */,
				823DB3F122D3669C00389C4A /* Resources */,
			);
			buildRules = (
			);
			dependencies = (
			);
			name = RaspEye;
			productName = RaspEye;
			productReference = 823DB3F322D3669C00389C4A /* RaspEye.app */;
			productType = "com.apple.product-type.application";
		};
/* End PBXNativeTarget section */

/* Begin PBXProject section */
		823DB3EB22D3669C00389C4A /* Project object */ = {
			isa = PBXProject;
			attributes = {
				LastSwiftUpdateCheck = 1000;
				LastUpgradeCheck = 1000;
				ORGANIZATIONNAME = "Ege Çavuşoğlu";
				TargetAttributes = {
					823DB3F222D3669C00389C4A = {
						CreatedOnToolsVersion = 10.0;
						LastSwiftMigration = 1000;
					};
				};
			};
			buildConfigurationList = 823DB3EE22D3669C00389C4A /* Build configuration list for PBXProject "RaspEye" */;
			compatibilityVersion = "Xcode 9.3";
			developmentRegion = en;
			hasScannedForEncodings = 0;
			knownRegions = (
				en,
				Base,
			);
			mainGroup = 823DB3EA22D3669C00389C4A;
			productRefGroup = 823DB3F422D3669C00389C4A /* Products */;
			projectDirPath = "";
			projectRoot = "";
			targets = (
				823DB3F222D3669C00389C4A /* RaspEye */,
			);
		};
/* End PBXProject section */

/* Begin PBXResourcesBuildPhase section */
		823DB3F122D3669C00389C4A /* Resources */ = {
			isa = PBXResourcesBuildPhase;
			buildActionMask = 2147483647;
			files = (
				823DB40122D3669D00389C4A /* LaunchScreen.storyboard in Resources */,
				823DB3FE22D3669D00389C4A /* Assets.xcassets in Resources */,
				823DB3FC22D3669D00389C4A /* Main.storyboard in Resources */,
			);
			runOnlyForDeploymentPostprocessing = 0;
		};
/* End PBXResourcesBuildPhase section */

/* Begin PBXSourcesBuildPhase section */
		823DB3EF22D3669C00389C4A /* Sources */ = {
			isa = PBXSourcesBuildPhase;
			buildActionMask = 2147483647;
			files = (
				823DB3F922D3669C00389C4A /* ViewController.swift in Sources */,
				820F867622D487D700B86A06 /* Camera.swift in Sources */,
				820F868822D4B07400B86A06 /* Reachability.swift in Sources */,
				820F868222D48F9C00B86A06 /* Utils.swift in Sources */,
				820F868022D48F9600B86A06 /* StringExt.swift in Sources */,
				820F867222D47DBE00B86A06 /* CameraViewController.swift in Sources */,
				820F868622D4AFE500B86A06 /* IntTextField.swift in Sources */,
				820F867822D4881F00B86A06 /* ZoomPan.swift in Sources */,
				820F867E22D48C8C00B86A06 /* Settings.swift in Sources */,
				820F868A22D4B08000B86A06 /* NavigationControllerExt.swift in Sources */,
				820F867C22D489CC00B86A06 /* mysocket.c in Sources */,
				820F868422D4AEF400B86A06 /* NetworkInterface.swift in Sources */,
				823DB3F722D3669C00389C4A /* AppDelegate.swift in Sources */,
			);
			runOnlyForDeploymentPostprocessing = 0;
		};
/* End PBXSourcesBuildPhase section */

/* Begin PBXVariantGroup section */
		823DB3FA22D3669D00389C4A /* Main.storyboard */ = {
			isa = PBXVariantGroup;
			children = (
				823DB3FB22D3669D00389C4A /* Base */,
			);
			name = Main.storyboard;
			sourceTree = "<group>";
		};
		823DB3FF22D3669D00389C4A /* LaunchScreen.storyboard */ = {
			isa = PBXVariantGroup;
			children = (
				823DB40022D3669D00389C4A /* Base */,
			);
			name = LaunchScreen.storyboard;
			sourceTree = "<group>";
		};
/* End PBXVariantGroup section */

/* Begin XCBuildConfiguration section */
		823DB40322D3669D00389C4A /* Debug */ = {
			isa = XCBuildConfiguration;
			buildSettings = {
				ALWAYS_SEARCH_USER_PATHS = NO;
				CLANG_ANALYZER_NONNULL = YES;
				CLANG_ANALYZER_NUMBER_OBJECT_CONVERSION = YES_AGGRESSIVE;
				CLANG_CXX_LANGUAGE_STANDARD = "gnu++14";
				CLANG_CXX_LIBRARY = "libc++";
				CLANG_ENABLE_MODULES = YES;
				CLANG_ENABLE_OBJC_ARC = YES;
				CLANG_ENABLE_OBJC_WEAK = YES;
				CLANG_WARN_BLOCK_CAPTURE_AUTORELEASING = YES;
				CLANG_WARN_BOOL_CONVERSION = YES;
				CLANG_WARN_COMMA = YES;
				CLANG_WARN_CONSTANT_CONVERSION = YES;
				CLANG_WARN_DEPRECATED_OBJC_IMPLEMENTATIONS = YES;
				CLANG_WARN_DIRECT_OBJC_ISA_USAGE = YES_ERROR;
				CLANG_WARN_DOCUMENTATION_COMMENTS = YES;
				CLANG_WARN_EMPTY_BODY = YES;
				CLANG_WARN_ENUM_CONVERSION = YES;
				CLANG_WARN_INFINITE_RECURSION = YES;
				CLANG_WARN_INT_CONVERSION = YES;
				CLANG_WARN_NON_LITERAL_NULL_CONVERSION = YES;
				CLANG_WARN_OBJC_IMPLICIT_RETAIN_SELF = YES;
				CLANG_WARN_OBJC_LITERAL_CONVERSION = YES;
				CLANG_WARN_OBJC_ROOT_CLASS = YES_ERROR;
				CLANG_WARN_RANGE_LOOP_ANALYSIS = YES;
				CLANG_WARN_STRICT_PROTOTYPES = YES;
				CLANG_WARN_SUSPICIOUS_MOVE = YES;
				CLANG_WARN_UNGUARDED_AVAILABILITY = YES_AGGRESSIVE;
				CLANG_WARN_UNREACHABLE_CODE = YES;
				CLANG_WARN__DUPLICATE_METHOD_MATCH = YES;
				CODE_SIGN_IDENTITY = "iPhone Developer";
				COPY_PHASE_STRIP = NO;
				DEBUG_INFORMATION_FORMAT = dwarf;
				ENABLE_STRICT_OBJC_MSGSEND = YES;
				ENABLE_TESTABILITY = YES;
				GCC_C_LANGUAGE_STANDARD = gnu11;
				GCC_DYNAMIC_NO_PIC = NO;
				GCC_NO_COMMON_BLOCKS = YES;
				GCC_OPTIMIZATION_LEVEL = 0;
				GCC_PREPROCESSOR_DEFINITIONS = (
					"DEBUG=1",
					"$(inherited)",
				);
				GCC_WARN_64_TO_32_BIT_CONVERSION = YES;
				GCC_WARN_ABOUT_RETURN_TYPE = YES_ERROR;
				GCC_WARN_UNDECLARED_SELECTOR = YES;
				GCC_WARN_UNINITIALIZED_AUTOS = YES_AGGRESSIVE;
				GCC_WARN_UNUSED_FUNCTION = YES;
				GCC_WARN_UNUSED_VARIABLE = YES;
				IPHONEOS_DEPLOYMENT_TARGET = 12.0;
				MTL_ENABLE_DEBUG_INFO = INCLUDE_SOURCE;
				MTL_FAST_MATH = YES;
				ONLY_ACTIVE_ARCH = YES;
				SDKROOT = iphoneos;
				SWIFT_ACTIVE_COMPILATION_CONDITIONS = DEBUG;
				SWIFT_OPTIMIZATION_LEVEL = "-Onone";
			};
			name = Debug;
		};
		823DB40422D3669D00389C4A /* Release */ = {
			isa = XCBuildConfiguration;
			buildSettings = {
				ALWAYS_SEARCH_USER_PATHS = NO;
				CLANG_ANALYZER_NONNULL = YES;
				CLANG_ANALYZER_NUMBER_OBJECT_CONVERSION = YES_AGGRESSIVE;
				CLANG_CXX_LANGUAGE_STANDARD = "gnu++14";
				CLANG_CXX_LIBRARY = "libc++";
				CLANG_ENABLE_MODULES = YES;
				CLANG_ENABLE_OBJC_ARC = YES;
				CLANG_ENABLE_OBJC_WEAK = YES;
				CLANG_WARN_BLOCK_CAPTURE_AUTORELEASING = YES;
				CLANG_WARN_BOOL_CONVERSION = YES;
				CLANG_WARN_COMMA = YES;
				CLANG_WARN_CONSTANT_CONVERSION = YES;
				CLANG_WARN_DEPRECATED_OBJC_IMPLEMENTATIONS = YES;
				CLANG_WARN_DIRECT_OBJC_ISA_USAGE = YES_ERROR;
				CLANG_WARN_DOCUMENTATION_COMMENTS = YES;
				CLANG_WARN_EMPTY_BODY = YES;
				CLANG_WARN_ENUM_CONVERSION = YES;
				CLANG_WARN_INFINITE_RECURSION = YES;
				CLANG_WARN_INT_CONVERSION = YES;
				CLANG_WARN_NON_LITERAL_NULL_CONVERSION = YES;
				CLANG_WARN_OBJC_IMPLICIT_RETAIN_SELF = YES;
				CLANG_WARN_OBJC_LITERAL_CONVERSION = YES;
				CLANG_WARN_OBJC_ROOT_CLASS = YES_ERROR;
				CLANG_WARN_RANGE_LOOP_ANALYSIS = YES;
				CLANG_WARN_STRICT_PROTOTYPES = YES;
				CLANG_WARN_SUSPICIOUS_MOVE = YES;
				CLANG_WARN_UNGUARDED_AVAILABILITY = YES_AGGRESSIVE;
				CLANG_WARN_UNREACHABLE_CODE = YES;
				CLANG_WARN__DUPLICATE_METHOD_MATCH = YES;
				CODE_SIGN_IDENTITY = "iPhone Developer";
				COPY_PHASE_STRIP = NO;
				DEBUG_INFORMATION_FORMAT = "dwarf-with-dsym";
				ENABLE_NS_ASSERTIONS = NO;
				ENABLE_STRICT_OBJC_MSGSEND = YES;
				GCC_C_LANGUAGE_STANDARD = gnu11;
				GCC_NO_COMMON_BLOCKS = YES;
				GCC_WARN_64_TO_32_BIT_CONVERSION = YES;
				GCC_WARN_ABOUT_RETURN_TYPE = YES_ERROR;
				GCC_WARN_UNDECLARED_SELECTOR = YES;
				GCC_WARN_UNINITIALIZED_AUTOS = YES_AGGRESSIVE;
				GCC_WARN_UNUSED_FUNCTION = YES;
				GCC_WARN_UNUSED_VARIABLE = YES;
				IPHONEOS_DEPLOYMENT_TARGET = 12.0;
				MTL_ENABLE_DEBUG_INFO = NO;
				MTL_FAST_MATH = YES;
				SDKROOT = iphoneos;
				SWIFT_COMPILATION_MODE = wholemodule;
				SWIFT_OPTIMIZATION_LEVEL = "-O";
				VALIDATE_PRODUCT = YES;
			};
			name = Release;
		};
		823DB40622D3669D00389C4A /* Debug */ = {
			isa = XCBuildConfiguration;
			buildSettings = {
				ASSETCATALOG_COMPILER_APPICON_NAME = AppIcon;
				CLANG_ENABLE_MODULES = YES;
				CODE_SIGN_STYLE = Manual;
				DEVELOPMENT_TEAM = KMT33RPUAV;
				INFOPLIST_FILE = RaspEye/Info.plist;
				LD_RUNPATH_SEARCH_PATHS = (
					"$(inherited)",
					"@executable_path/Frameworks",
				);
				PRODUCT_BUNDLE_IDENTIFIER = tr.com.twin.raspeye;
				PRODUCT_NAME = "$(TARGET_NAME)";
				PROVISIONING_PROFILE_SPECIFIER = "RaspEye Development";
				SWIFT_OBJC_BRIDGING_HEADER = "RaspEye/RaspEye-Bridging-Header.h";
				SWIFT_OPTIMIZATION_LEVEL = "-Onone";
				SWIFT_VERSION = 4.2;
				TARGETED_DEVICE_FAMILY = "1,2";
			};
			name = Debug;
		};
		823DB40722D3669D00389C4A /* Release */ = {
			isa = XCBuildConfiguration;
			buildSettings = {
				ASSETCATALOG_COMPILER_APPICON_NAME = AppIcon;
				CLANG_ENABLE_MODULES = YES;
				CODE_SIGN_STYLE = Manual;
				DEVELOPMENT_TEAM = KMT33RPUAV;
				INFOPLIST_FILE = RaspEye/Info.plist;
				LD_RUNPATH_SEARCH_PATHS = (
					"$(inherited)",
					"@executable_path/Frameworks",
				);
				PRODUCT_BUNDLE_IDENTIFIER = tr.com.twin.raspeye;
				PRODUCT_NAME = "$(TARGET_NAME)";
				PROVISIONING_PROFILE_SPECIFIER = "RaspEye Development";
				SWIFT_OBJC_BRIDGING_HEADER = "RaspEye/RaspEye-Bridging-Header.h";
				SWIFT_VERSION = 4.2;
				TARGETED_DEVICE_FAMILY = "1,2";
			};
			name = Release;
		};
/* End XCBuildConfiguration section */

/* Begin XCConfigurationList section */
		823DB3EE22D3669C00389C4A /* Build configuration list for PBXProject "RaspEye" */ = {
			isa = XCConfigurationList;
			buildConfigurations = (
				823DB40322D3669D00389C4A /* Debug */,
				823DB40422D3669D00389C4A /* Release */,
			);
			defaultConfigurationIsVisible = 0;
			defaultConfigurationName = Release;
		};
		823DB40522D3669D00389C4A /* Build configuration list for PBXNativeTarget "RaspEye" */ = {
			isa = XCConfigurationList;
			buildConfigurations = (
				823DB40622D3669D00389C4A /* Debug */,
				823DB40722D3669D00389C4A /* Release */,
			);
			defaultConfigurationIsVisible = 0;
			defaultConfigurationName = Release;
		};
/* End XCConfigurationList section */
	};
	rootObject = 823DB3EB22D3669C00389C4A /* Project object */;
}
